
Microsoft Visual Studio Solution File, Format Version 12.00
# Visual Studio Version 17
VisualStudioVersion = 17.0.32112.339
MinimumVisualStudioVersion = 10.0.40219.1
Project("{FAE04EC0-301F-11D3-BF4B-00C04F79EFBC}") = "RpgApp", "RpgApp\RpgApp.csproj", "{A7C380E4-0171-4869-B8C2-860EEC091F11}"
EndProject
Global
	GlobalSection(SolutionConfigurationPlatforms) = preSolution
		Debug|Any CPU = Debug|Any CPU
		Release|Any CPU = Release|Any CPU
	EndGlobalSection
	GlobalSection(ProjectConfigurationPlatforms) = postSolution
		{A7C380E4-0171-4869-B8C2-860EEC091F11}.Debug|Any CPU.ActiveCfg = Debug|Any CPU
		{A7C380E4-0171-4869-B8C2-860EEC091F11}.Debug|Any CPU.Build.0 = Debug|Any CPU
		{A7C380E4-0171-4869-B8C2-860EEC091F11}.Release|Any CPU.ActiveCfg = Release|Any CPU
		{A7C380E4-0171-4869-B8C2-860EEC091F11}.Release|Any CPU.Build.0 = Release|Any CPU
	EndGlobalSection
	GlobalSection(SolutionProperties) = preSolution
		HideSolutionNode = FALSE
	EndGlobalSection
	GlobalSection(ExtensibilityGlobals) = postSolution
		SolutionGuid = {6A647B2D-7A60-41E4-971D-05AB670107D7}
	EndGlobalSection
EndGlobal
